
Microsoft Visual Studio Solution File, Format Version 12.00
# Visual Studio Version 17
VisualStudioVersion = 17.11.35303.130
MinimumVisualStudioVersion = 10.0.40219.1
Project("{FAE04EC0-301F-11D3-BF4B-00C04F79EFBC}") = "Timesheet", "Timesheet\Timesheet.csproj", "{000FAAC3-2950-4CB2-A54C-BC98FBBC7A83}"
EndProject
Global
	GlobalSection(SolutionConfigurationPlatforms) = preSolution
		Debug|Any CPU = Debug|Any CPU
		Release|Any CPU = Release|Any CPU
	EndGlobalSection
	GlobalSection(ProjectConfigurationPlatforms) = postSolution
		{000FAAC3-2950-4CB2-A54C-BC98FBBC7A83}.Debug|Any CPU.ActiveCfg = Debug|Any CPU
		{000FAAC3-2950-4CB2-A54C-BC98FBBC7A83}.Debug|Any CPU.Build.0 = Debug|Any CPU
		{000FAAC3-2950-4CB2-A54C-BC98FBBC7A83}.Release|Any CPU.ActiveCfg = Release|Any CPU
		{000FAAC3-2950-4CB2-A54C-BC98FBBC7A83}.Release|Any CPU.Build.0 = Release|Any CPU
	EndGlobalSection
	GlobalSection(SolutionProperties) = preSolution
		HideSolutionNode = FALSE
	EndGlobalSection
	GlobalSection(ExtensibilityGlobals) = postSolution
		SolutionGuid = {3B1518CB-9CFF-41D6-9F77-08BF3161B485}
	EndGlobalSection
EndGlobal
